
Microsoft Visual Studio Solution File, Format Version 12.00
# Visual Studio Version 16
VisualStudioVersion = 16.0.31729.503
MinimumVisualStudioVersion = 10.0.40219.1
Project("{FAE04EC0-301F-11D3-BF4B-00C04F79EFBC}") = "WebAPI", "WebAPI\WebAPI.csproj", "{56AF9418-2CE1-46D8-9736-03298B087C8E}"
EndProject
Project("{FAE04EC0-301F-11D3-BF4B-00C04F79EFBC}") = "Irimies_Rares_Lab12.Android", "Irimies_Rares_Lab12\Irimies_Rares_Lab12.Android\Irimies_Rares_Lab12.Android.csproj", "{C714AFEC-4590-455D-B2AC-04296A923E30}"
EndProject
Project("{FAE04EC0-301F-11D3-BF4B-00C04F79EFBC}") = "Irimies_Rares_Lab12.iOS", "Irimies_Rares_Lab12\Irimies_Rares_Lab12.iOS\Irimies_Rares_Lab12.iOS.csproj", "{6098105F-ED5C-4346-8698-CC6F653BEC61}"
EndProject
Project("{FAE04EC0-301F-11D3-BF4B-00C04F79EFBC}") = "Irimies_Rares_Lab12", "Irimies_Rares_Lab12\Irimies_Rares_Lab12\Irimies_Rares_Lab12.csproj", "{E253A75A-4EEB-4E36-BB72-5F567CC6903A}"
EndProject
Global
	GlobalSection(SolutionConfigurationPlatforms) = preSolution
		Debug|Any CPU = Debug|Any CPU
		Debug|iPhone = Debug|iPhone
		Debug|iPhoneSimulator = Debug|iPhoneSimulator
		Release|Any CPU = Release|Any CPU
		Release|iPhone = Release|iPhone
		Release|iPhoneSimulator = Release|iPhoneSimulator
	EndGlobalSection
	GlobalSection(ProjectConfigurationPlatforms) = postSolution
		{56AF9418-2CE1-46D8-9736-03298B087C8E}.Debug|Any CPU.ActiveCfg = Debug|Any CPU
		{56AF9418-2CE1-46D8-9736-03298B087C8E}.Debug|Any CPU.Build.0 = Debug|Any CPU
		{56AF9418-2CE1-46D8-9736-03298B087C8E}.Debug|iPhone.ActiveCfg = Debug|Any CPU
		{56AF9418-2CE1-46D8-9736-03298B087C8E}.Debug|iPhone.Build.0 = Debug|Any CPU
		{56AF9418-2CE1-46D8-9736-03298B087C8E}.Debug|iPhoneSimulator.ActiveCfg = Debug|Any CPU
		{56AF9418-2CE1-46D8-9736-03298B087C8E}.Debug|iPhoneSimulator.Build.0 = Debug|Any CPU
		{56AF9418-2CE1-46D8-9736-03298B087C8E}.Release|Any CPU.ActiveCfg = Release|Any CPU
		{56AF9418-2CE1-46D8-9736-03298B087C8E}.Release|Any CPU.Build.0 = Release|Any CPU
		{56AF9418-2CE1-46D8-9736-03298B087C8E}.Release|iPhone.ActiveCfg = Release|Any CPU
		{56AF9418-2CE1-46D8-9736-03298B087C8E}.Release|iPhone.Build.0 = Release|Any CPU
		{56AF9418-2CE1-46D8-9736-03298B087C8E}.Release|iPhoneSimulator.ActiveCfg = Release|Any CPU
		{56AF9418-2CE1-46D8-9736-03298B087C8E}.Release|iPhoneSimulator.Build.0 = Release|Any CPU
		{C714AFEC-4590-455D-B2AC-04296A923E30}.Debug|Any CPU.ActiveCfg = Debug|Any CPU
		{C714AFEC-4590-455D-B2AC-04296A923E30}.Debug|Any CPU.Build.0 = Debug|Any CPU
		{C714AFEC-4590-455D-B2AC-04296A923E30}.Debug|Any CPU.Deploy.0 = Debug|Any CPU
		{C714AFEC-4590-455D-B2AC-04296A923E30}.Debug|iPhone.ActiveCfg = Debug|Any CPU
		{C714AFEC-4590-455D-B2AC-04296A923E30}.Debug|iPhone.Build.0 = Debug|Any CPU
		{C714AFEC-4590-455D-B2AC-04296A923E30}.Debug|iPhone.Deploy.0 = Debug|Any CPU
		{C714AFEC-4590-455D-B2AC-04296A923E30}.Debug|iPhoneSimulator.ActiveCfg = Debug|Any CPU
		{C714AFEC-4590-455D-B2AC-04296A923E30}.Debug|iPhoneSimulator.Build.0 = Debug|Any CPU
		{C714AFEC-4590-455D-B2AC-04296A923E30}.Debug|iPhoneSimulator.Deploy.0 = Debug|Any CPU
		{C714AFEC-4590-455D-B2AC-04296A923E30}.Release|Any CPU.ActiveCfg = Release|Any CPU
		{C714AFEC-4590-455D-B2AC-04296A923E30}.Release|Any CPU.Build.0 = Release|Any CPU
		{C714AFEC-4590-455D-B2AC-04296A923E30}.Release|Any CPU.Deploy.0 = Release|Any CPU
		{C714AFEC-4590-455D-B2AC-04296A923E30}.Release|iPhone.ActiveCfg = Release|Any CPU
		{C714AFEC-4590-455D-B2AC-04296A923E30}.Release|iPhone.Build.0 = Release|Any CPU
		{C714AFEC-4590-455D-B2AC-04296A923E30}.Release|iPhone.Deploy.0 = Release|Any CPU
		{C714AFEC-4590-455D-B2AC-04296A923E30}.Release|iPhoneSimulator.ActiveCfg = Release|Any CPU
		{C714AFEC-4590-455D-B2AC-04296A923E30}.Release|iPhoneSimulator.Build.0 = Release|Any CPU
		{C714AFEC-4590-455D-B2AC-04296A923E30}.Release|iPhoneSimulator.Deploy.0 = Release|Any CPU
		{6098105F-ED5C-4346-8698-CC6F653BEC61}.Debug|Any CPU.ActiveCfg = Debug|iPhoneSimulator
		{6098105F-ED5C-4346-8698-CC6F653BEC61}.Debug|iPhone.ActiveCfg = Debug|iPhone
		{6098105F-ED5C-4346-8698-CC6F653BEC61}.Debug|iPhone.Build.0 = Debug|iPhone
		{6098105F-ED5C-4346-8698-CC6F653BEC61}.Debug|iPhoneSimulator.ActiveCfg = Debug|iPhoneSimulator
		{6098105F-ED5C-4346-8698-CC6F653BEC61}.Debug|iPhoneSimulator.Build.0 = Debug|iPhoneSimulator
		{6098105F-ED5C-4346-8698-CC6F653BEC61}.Release|Any CPU.ActiveCfg = Release|iPhoneSimulator
		{6098105F-ED5C-4346-8698-CC6F653BEC61}.Release|iPhone.ActiveCfg = Release|iPhone
		{6098105F-ED5C-4346-8698-CC6F653BEC61}.Release|iPhone.Build.0 = Release|iPhone
		{6098105F-ED5C-4346-8698-CC6F653BEC61}.Release|iPhoneSimulator.ActiveCfg = Release|iPhoneSimulator
		{6098105F-ED5C-4346-8698-CC6F653BEC61}.Release|iPhoneSimulator.Build.0 = Release|iPhoneSimulator
		{E253A75A-4EEB-4E36-BB72-5F567CC6903A}.Debug|Any CPU.ActiveCfg = Debug|Any CPU
		{E253A75A-4EEB-4E36-BB72-5F567CC6903A}.Debug|Any CPU.Build.0 = Debug|Any CPU
		{E253A75A-4EEB-4E36-BB72-5F567CC6903A}.Debug|iPhone.ActiveCfg = Debug|Any CPU
		{E253A75A-4EEB-4E36-BB72-5F567CC6903A}.Debug|iPhone.Build.0 = Debug|Any CPU
		{E253A75A-4EEB-4E36-BB72-5F567CC6903A}.Debug|iPhoneSimulator.ActiveCfg = Debug|Any CPU
		{E253A75A-4EEB-4E36-BB72-5F567CC6903A}.Debug|iPhoneSimulator.Build.0 = Debug|Any CPU
		{E253A75A-4EEB-4E36-BB72-5F567CC6903A}.Release|Any CPU.ActiveCfg = Release|Any CPU
		{E253A75A-4EEB-4E36-BB72-5F567CC6903A}.Release|Any CPU.Build.0 = Release|Any CPU
		{E253A75A-4EEB-4E36-BB72-5F567CC6903A}.Release|iPhone.ActiveCfg = Release|Any CPU
		{E253A75A-4EEB-4E36-BB72-5F567CC6903A}.Release|iPhone.Build.0 = Release|Any CPU
		{E253A75A-4EEB-4E36-BB72-5F567CC6903A}.Release|iPhoneSimulator.ActiveCfg = Release|Any CPU
		{E253A75A-4EEB-4E36-BB72-5F567CC6903A}.Release|iPhoneSimulator.Build.0 = Release|Any CPU
	EndGlobalSection
	GlobalSection(SolutionProperties) = preSolution
		HideSolutionNode = FALSE
	EndGlobalSection
	GlobalSection(ExtensibilityGlobals) = postSolution
		SolutionGuid = {720B5010-AC5D-4990-9A4B-4363220FFCFF}
	EndGlobalSection
EndGlobal
